// !$*UTF8*$!
{
	archiveVersion = 1;
	classes = {
	};
	objectVersion = 50;
	objects = {

/* Begin PBXBuildFile section */
		2CADB81922A600330044DC16 /* AppDelegate.swift in Sources */ = {isa = PBXBuildFile; fileRef = 2CADB81822A600330044DC16 /* AppDelegate.swift */; };
		2CADB81B22A600330044DC16 /* ViewController.swift in Sources */ = {isa = PBXBuildFile; fileRef = 2CADB81A22A600330044DC16 /* ViewController.swift */; };
		2CADB81E22A600330044DC16 /* Main.storyboard in Resources */ = {isa = PBXBuildFile; fileRef = 2CADB81C22A600330044DC16 /* Main.storyboard */; };
		2CADB82122A600330044DC16 /* MesDemo.xcdatamodeld in Sources */ = {isa = PBXBuildFile; fileRef = 2CADB81F22A600330044DC16 /* MesDemo.xcdatamodeld */; };
		2CADB82322A600380044DC16 /* Assets.xcassets in Resources */ = {isa = PBXBuildFile; fileRef = 2CADB82222A600380044DC16 /* Assets.xcassets */; };
		2CADB82622A600380044DC16 /* LaunchScreen.storyboard in Resources */ = {isa = PBXBuildFile; fileRef = 2CADB82422A600380044DC16 /* LaunchScreen.storyboard */; };
		2CADB83122A600380044DC16 /* MesDemoTests.swift in Sources */ = {isa = PBXBuildFile; fileRef = 2CADB83022A600380044DC16 /* MesDemoTests.swift */; };
		2CADB83C22A600380044DC16 /* MesDemoUITests.swift in Sources */ = {isa = PBXBuildFile; fileRef = 2CADB83B22A600380044DC16 /* MesDemoUITests.swift */; };
		2CADB84A22A6020A0044DC16 /* MessageModel.swift in Sources */ = {isa = PBXBuildFile; fileRef = 2CADB84922A6020A0044DC16 /* MessageModel.swift */; };
		2CADB84C22A605580044DC16 /* MessageTableViewCell.swift in Sources */ = {isa = PBXBuildFile; fileRef = 2CADB84B22A605580044DC16 /* MessageTableViewCell.swift */; };
		2CE7B92522A8AD7A00906D79 /* TableViewCell.swift in Sources */ = {isa = PBXBuildFile; fileRef = 2CE7B92322A8AD7A00906D79 /* TableViewCell.swift */; };
		2CE7B92622A8AD7A00906D79 /* TableViewCell.xib in Resources */ = {isa = PBXBuildFile; fileRef = 2CE7B92422A8AD7A00906D79 /* TableViewCell.xib */; };
/* End PBXBuildFile section */

/* Begin PBXContainerItemProxy section */
		2CADB82D22A600380044DC16 /* PBXContainerItemProxy */ = {
			isa = PBXContainerItemProxy;
			containerPortal = 2CADB80D22A600330044DC16 /* Project object */;
			proxyType = 1;
			remoteGlobalIDString = 2CADB81422A600330044DC16;
			remoteInfo = MesDemo;
		};
		2CADB83822A600380044DC16 /* PBXContainerItemProxy */ = {
			isa = PBXContainerItemProxy;
			containerPortal = 2CADB80D22A600330044DC16 /* Project object */;
			proxyType = 1;
			remoteGlobalIDString = 2CADB81422A600330044DC16;
			remoteInfo = MesDemo;
		};
/* End PBXContainerItemProxy section */

/* Begin PBXFileReference section */
		2CADB81522A600330044DC16 /* MesDemo.app */ = {isa = PBXFileReference; explicitFileType = wrapper.application; includeInIndex = 0; path = MesDemo.app; sourceTree = BUILT_PRODUCTS_DIR; };
		2CADB81822A600330044DC16 /* AppDelegate.swift */ = {isa = PBXFileReference; lastKnownFileType = sourcecode.swift; path = AppDelegate.swift; sourceTree = "<group>"; };
		2CADB81A22A600330044DC16 /* ViewController.swift */ = {isa = PBXFileReference; lastKnownFileType = sourcecode.swift; path = ViewController.swift; sourceTree = "<group>"; };
		2CADB81D22A600330044DC16 /* Base */ = {isa = PBXFileReference; lastKnownFileType = file.storyboard; name = Base; path = Base.lproj/Main.storyboard; sourceTree = "<group>"; };
		2CADB82022A600330044DC16 /* MesDemo.xcdatamodel */ = {isa = PBXFileReference; lastKnownFileType = wrapper.xcdatamodel; path = MesDemo.xcdatamodel; sourceTree = "<group>"; };
		2CADB82222A600380044DC16 /* Assets.xcassets */ = {isa = PBXFileReference; lastKnownFileType = folder.assetcatalog; path = Assets.xcassets; sourceTree = "<group>"; };
		2CADB82522A600380044DC16 /* Base */ = {isa = PBXFileReference; lastKnownFileType = file.storyboard; name = Base; path = Base.lproj/LaunchScreen.storyboard; sourceTree = "<group>"; };
		2CADB82722A600380044DC16 /* Info.plist */ = {isa = PBXFileReference; lastKnownFileType = text.plist.xml; path = Info.plist; sourceTree = "<group>"; };
		2CADB82C22A600380044DC16 /* MesDemoTests.xctest */ = {isa = PBXFileReference; explicitFileType = wrapper.cfbundle; includeInIndex = 0; path = MesDemoTests.xctest; sourceTree = BUILT_PRODUCTS_DIR; };
		2CADB83022A600380044DC16 /* MesDemoTests.swift */ = {isa = PBXFileReference; lastKnownFileType = sourcecode.swift; path = MesDemoTests.swift; sourceTree = "<group>"; };
		2CADB83222A600380044DC16 /* Info.plist */ = {isa = PBXFileReference; lastKnownFileType = text.plist.xml; path = Info.plist; sourceTree = "<group>"; };
		2CADB83722A600380044DC16 /* MesDemoUITests.xctest */ = {isa = PBXFileReference; explicitFileType = wrapper.cfbundle; includeInIndex = 0; path = MesDemoUITests.xctest; sourceTree = BUILT_PRODUCTS_DIR; };
		2CADB83B22A600380044DC16 /* MesDemoUITests.swift */ = {isa = PBXFileReference; lastKnownFileType = sourcecode.swift; path = MesDemoUITests.swift; sourceTree = "<group>"; };
		2CADB83D22A600380044DC16 /* Info.plist */ = {isa = PBXFileReference; lastKnownFileType = text.plist.xml; path = Info.plist; sourceTree = "<group>"; };
		2CADB84922A6020A0044DC16 /* MessageModel.swift */ = {isa = PBXFileReference; lastKnownFileType = sourcecode.swift; path = MessageModel.swift; sourceTree = "<group>"; };
		2CADB84B22A605580044DC16 /* MessageTableViewCell.swift */ = {isa = PBXFileReference; lastKnownFileType = sourcecode.swift; path = MessageTableViewCell.swift; sourceTree = "<group>"; };
		2CE7B92322A8AD7A00906D79 /* TableViewCell.swift */ = {isa = PBXFileReference; lastKnownFileType = sourcecode.swift; path = TableViewCell.swift; sourceTree = "<group>"; };
		2CE7B92422A8AD7A00906D79 /* TableViewCell.xib */ = {isa = PBXFileReference; lastKnownFileType = file.xib; path = TableViewCell.xib; sourceTree = "<group>"; };
/* End PBXFileReference section */

/* Begin PBXFrameworksBuildPhase section */
		2CADB81222A600330044DC16 /* Frameworks */ = {
			isa = PBXFrameworksBuildPhase;
			buildActionMask = 2147483647;
			files = (
			);
			runOnlyForDeploymentPostprocessing = 0;
		};
		2CADB82922A600380044DC16 /* Frameworks */ = {
			isa = PBXFrameworksBuildPhase;
			buildActionMask = 2147483647;
			files = (
			);
			runOnlyForDeploymentPostprocessing = 0;
		};
		2CADB83422A600380044DC16 /* Frameworks */ = {
			isa = PBXFrameworksBuildPhase;
			buildActionMask = 2147483647;
			files = (
			);
			runOnlyForDeploymentPostprocessing = 0;
		};
/* End PBXFrameworksBuildPhase section */

/* Begin PBXGroup section */
		2CADB80C22A600330044DC16 = {
			isa = PBXGroup;
			children = (
				2CADB81722A600330044DC16 /* MesDemo */,
				2CADB82F22A600380044DC16 /* MesDemoTests */,
				2CADB83A22A600380044DC16 /* MesDemoUITests */,
				2CADB81622A600330044DC16 /* Products */,
			);
			sourceTree = "<group>";
		};
		2CADB81622A600330044DC16 /* Products */ = {
			isa = PBXGroup;
			children = (
				2CADB81522A600330044DC16 /* MesDemo.app */,
				2CADB82C22A600380044DC16 /* MesDemoTests.xctest */,
				2CADB83722A600380044DC16 /* MesDemoUITests.xctest */,
			);
			name = Products;
			sourceTree = "<group>";
		};
		2CADB81722A600330044DC16 /* MesDemo */ = {
			isa = PBXGroup;
			children = (
				2CE7B92A22A8C46100906D79 /* Model */,
				2CADB81A22A600330044DC16 /* ViewController.swift */,
				2CE7B92C22A8C47900906D79 /* Cells */,
				2CADB81C22A600330044DC16 /* Main.storyboard */,
				2CADB82422A600380044DC16 /* LaunchScreen.storyboard */,
				2CADB82722A600380044DC16 /* Info.plist */,
				2CADB81F22A600330044DC16 /* MesDemo.xcdatamodeld */,
				2CADB82222A600380044DC16 /* Assets.xcassets */,
				2CADB81822A600330044DC16 /* AppDelegate.swift */,
			);
			path = MesDemo;
			sourceTree = "<group>";
		};
		2CADB82F22A600380044DC16 /* MesDemoTests */ = {
			isa = PBXGroup;
			children = (
				2CADB83022A600380044DC16 /* MesDemoTests.swift */,
				2CADB83222A600380044DC16 /* Info.plist */,
			);
			path = MesDemoTests;
			sourceTree = "<group>";
		};
		2CADB83A22A600380044DC16 /* MesDemoUITests */ = {
			isa = PBXGroup;
			children = (
				2CADB83B22A600380044DC16 /* MesDemoUITests.swift */,
				2CADB83D22A600380044DC16 /* Info.plist */,
			);
			path = MesDemoUITests;
			sourceTree = "<group>";
		};
		2CE7B92A22A8C46100906D79 /* Model */ = {
			isa = PBXGroup;
			children = (
				2CADB84922A6020A0044DC16 /* MessageModel.swift */,
			);
			path = Model;
			sourceTree = "<group>";
		};
		2CE7B92C22A8C47900906D79 /* Cells */ = {
			isa = PBXGroup;
			children = (
				2CADB84B22A605580044DC16 /* MessageTableViewCell.swift */,
				2CE7B92422A8AD7A00906D79 /* TableViewCell.xib */,
				2CE7B92322A8AD7A00906D79 /* TableViewCell.swift */,
			);
			path = Cells;
			sourceTree = "<group>";
		};
/* End PBXGroup section */

/* Begin PBXNativeTarget section */
		2CADB81422A600330044DC16 /* MesDemo */ = {
			isa = PBXNativeTarget;
			buildConfigurationList = 2CADB84022A600380044DC16 /* Build configuration list for PBXNativeTarget "MesDemo" */;
			buildPhases = (
				2CADB81122A600330044DC16 /* Sources */,
				2CADB81222A600330044DC16 /* Frameworks */,
				2CADB81322A600330044DC16 /* Resources */,
			);
			buildRules = (
			);
			dependencies = (
			);
			name = MesDemo;
			productName = MesDemo;
			productReference = 2CADB81522A600330044DC16 /* MesDemo.app */;
			productType = "com.apple.product-type.application";
		};
		2CADB82B22A600380044DC16 /* MesDemoTests */ = {
			isa = PBXNativeTarget;
			buildConfigurationList = 2CADB84322A600380044DC16 /* Build configuration list for PBXNativeTarget "MesDemoTests" */;
			buildPhases = (
				2CADB82822A600380044DC16 /* Sources */,
				2CADB82922A600380044DC16 /* Frameworks */,
				2CADB82A22A600380044DC16 /* Resources */,
			);
			buildRules = (
			);
			dependencies = (
				2CADB82E22A600380044DC16 /* PBXTargetDependency */,
			);
			name = MesDemoTests;
			productName = MesDemoTests;
			productReference = 2CADB82C22A600380044DC16 /* MesDemoTests.xctest */;
			productType = "com.apple.product-type.bundle.unit-test";
		};
		2CADB83622A600380044DC16 /* MesDemoUITests */ = {
			isa = PBXNativeTarget;
			buildConfigurationList = 2CADB84622A600380044DC16 /* Build configuration list for PBXNativeTarget "MesDemoUITests" */;
			buildPhases = (
				2CADB83322A600380044DC16 /* Sources */,
				2CADB83422A600380044DC16 /* Frameworks */,
				2CADB83522A600380044DC16 /* Resources */,
			);
			buildRules = (
			);
			dependencies = (
				2CADB83922A600380044DC16 /* PBXTargetDependency */,
			);
			name = MesDemoUITests;
			productName = MesDemoUITests;
			productReference = 2CADB83722A600380044DC16 /* MesDemoUITests.xctest */;
			productType = "com.apple.product-type.bundle.ui-testing";
		};
/* End PBXNativeTarget section */

/* Begin PBXProject section */
		2CADB80D22A600330044DC16 /* Project object */ = {
			isa = PBXProject;
			attributes = {
				LastSwiftUpdateCheck = 1020;
				LastUpgradeCheck = 1020;
				ORGANIZATIONNAME = trinh.hoang.hai;
				TargetAttributes = {
					2CADB81422A600330044DC16 = {
						CreatedOnToolsVersion = 10.2.1;
					};
					2CADB82B22A600380044DC16 = {
						CreatedOnToolsVersion = 10.2.1;
						TestTargetID = 2CADB81422A600330044DC16;
					};
					2CADB83622A600380044DC16 = {
						CreatedOnToolsVersion = 10.2.1;
						TestTargetID = 2CADB81422A600330044DC16;
					};
				};
			};
			buildConfigurationList = 2CADB81022A600330044DC16 /* Build configuration list for PBXProject "MesDemo" */;
			compatibilityVersion = "Xcode 9.3";
			developmentRegion = en;
			hasScannedForEncodings = 0;
			knownRegions = (
				en,
				Base,
			);
			mainGroup = 2CADB80C22A600330044DC16;
			productRefGroup = 2CADB81622A600330044DC16 /* Products */;
			projectDirPath = "";
			projectRoot = "";
			targets = (
				2CADB81422A600330044DC16 /* MesDemo */,
				2CADB82B22A600380044DC16 /* MesDemoTests */,
				2CADB83622A600380044DC16 /* MesDemoUITests */,
			);
		};
/* End PBXProject section */

/* Begin PBXResourcesBuildPhase section */
		2CADB81322A600330044DC16 /* Resources */ = {
			isa = PBXResourcesBuildPhase;
			buildActionMask = 2147483647;
			files = (
				2CADB82622A600380044DC16 /* LaunchScreen.storyboard in Resources */,
				2CE7B92622A8AD7A00906D79 /* TableViewCell.xib in Resources */,
				2CADB82322A600380044DC16 /* Assets.xcassets in Resources */,
				2CADB81E22A600330044DC16 /* Main.storyboard in Resources */,
			);
			runOnlyForDeploymentPostprocessing = 0;
		};
		2CADB82A22A600380044DC16 /* Resources */ = {
			isa = PBXResourcesBuildPhase;
			buildActionMask = 2147483647;
			files = (
			);
			runOnlyForDeploymentPostprocessing = 0;
		};
		2CADB83522A600380044DC16 /* Resources */ = {
			isa = PBXResourcesBuildPhase;
			buildActionMask = 2147483647;
			files = (
			);
			runOnlyForDeploymentPostprocessing = 0;
		};
/* End PBXResourcesBuildPhase section */

/* Begin PBXSourcesBuildPhase section */
		2CADB81122A600330044DC16 /* Sources */ = {
			isa = PBXSourcesBuildPhase;
			buildActionMask = 2147483647;
			files = (
				2CADB81B22A600330044DC16 /* ViewController.swift in Sources */,
				2CE7B92522A8AD7A00906D79 /* TableViewCell.swift in Sources */,
				2CADB81922A600330044DC16 /* AppDelegate.swift in Sources */,
				2CADB82122A600330044DC16 /* MesDemo.xcdatamodeld in Sources */,
				2CADB84C22A605580044DC16 /* MessageTableViewCell.swift in Sources */,
				2CADB84A22A6020A0044DC16 /* MessageModel.swift in Sources */,
			);
			runOnlyForDeploymentPostprocessing = 0;
		};
		2CADB82822A600380044DC16 /* Sources */ = {
			isa = PBXSourcesBuildPhase;
			buildActionMask = 2147483647;
			files = (
				2CADB83122A600380044DC16 /* MesDemoTests.swift in Sources */,
			);
			runOnlyForDeploymentPostprocessing = 0;
		};
		2CADB83322A600380044DC16 /* Sources */ = {
			isa = PBXSourcesBuildPhase;
			buildActionMask = 2147483647;
			files = (
				2CADB83C22A600380044DC16 /* MesDemoUITests.swift in Sources */,
			);
			runOnlyForDeploymentPostprocessing = 0;
		};
/* End PBXSourcesBuildPhase section */

/* Begin PBXTargetDependency section */
		2CADB82E22A600380044DC16 /* PBXTargetDependency */ = {
			isa = PBXTargetDependency;
			target = 2CADB81422A600330044DC16 /* MesDemo */;
			targetProxy = 2CADB82D22A600380044DC16 /* PBXContainerItemProxy */;
		};
		2CADB83922A600380044DC16 /* PBXTargetDependency */ = {
			isa = PBXTargetDependency;
			target = 2CADB81422A600330044DC16 /* MesDemo */;
			targetProxy = 2CADB83822A600380044DC16 /* PBXContainerItemProxy */;
		};
/* End PBXTargetDependency section */

/* Begin PBXVariantGroup section */
		2CADB81C22A600330044DC16 /* Main.storyboard */ = {
			isa = PBXVariantGroup;
			children = (
				2CADB81D22A600330044DC16 /* Base */,
			);
			name = Main.storyboard;
			sourceTree = "<group>";
		};
		2CADB82422A600380044DC16 /* LaunchScreen.storyboard */ = {
			isa = PBXVariantGroup;
			children = (
				2CADB82522A600380044DC16 /* Base */,
			);
			name = LaunchScreen.storyboard;
			sourceTree = "<group>";
		};
/* End PBXVariantGroup section */

/* Begin XCBuildConfiguration section */
		2CADB83E22A600380044DC16 /* Debug */ = {
			isa = XCBuildConfiguration;
			buildSettings = {
				ALWAYS_SEARCH_USER_PATHS = NO;
				CLANG_ANALYZER_NONNULL = YES;
				CLANG_ANALYZER_NUMBER_OBJECT_CONVERSION = YES_AGGRESSIVE;
				CLANG_CXX_LANGUAGE_STANDARD = "gnu++14";
				CLANG_CXX_LIBRARY = "libc++";
				CLANG_ENABLE_MODULES = YES;
				CLANG_ENABLE_OBJC_ARC = YES;
				CLANG_ENABLE_OBJC_WEAK = YES;
				CLANG_WARN_BLOCK_CAPTURE_AUTORELEASING = YES;
				CLANG_WARN_BOOL_CONVERSION = YES;
				CLANG_WARN_COMMA = YES;
				CLANG_WARN_CONSTANT_CONVERSION = YES;
				CLANG_WARN_DEPRECATED_OBJC_IMPLEMENTATIONS = YES;
				CLANG_WARN_DIRECT_OBJC_ISA_USAGE = YES_ERROR;
				CLANG_WARN_DOCUMENTATION_COMMENTS = YES;
				CLANG_WARN_EMPTY_BODY = YES;
				CLANG_WARN_ENUM_CONVERSION = YES;
				CLANG_WARN_INFINITE_RECURSION = YES;
				CLANG_WARN_INT_CONVERSION = YES;
				CLANG_WARN_NON_LITERAL_NULL_CONVERSION = YES;
				CLANG_WARN_OBJC_IMPLICIT_RETAIN_SELF = YES;
				CLANG_WARN_OBJC_LITERAL_CONVERSION = YES;
				CLANG_WARN_OBJC_ROOT_CLASS = YES_ERROR;
				CLANG_WARN_RANGE_LOOP_ANALYSIS = YES;
				CLANG_WARN_STRICT_PROTOTYPES = YES;
				CLANG_WARN_SUSPICIOUS_MOVE = YES;
				CLANG_WARN_UNGUARDED_AVAILABILITY = YES_AGGRESSIVE;
				CLANG_WARN_UNREACHABLE_CODE = YES;
				CLANG_WARN__DUPLICATE_METHOD_MATCH = YES;
				CODE_SIGN_IDENTITY = "iPhone Developer";
				COPY_PHASE_STRIP = NO;
				DEBUG_INFORMATION_FORMAT = dwarf;
				ENABLE_STRICT_OBJC_MSGSEND = YES;
				ENABLE_TESTABILITY = YES;
				GCC_C_LANGUAGE_STANDARD = gnu11;
				GCC_DYNAMIC_NO_PIC = NO;
				GCC_NO_COMMON_BLOCKS = YES;
				GCC_OPTIMIZATION_LEVEL = 0;
				GCC_PREPROCESSOR_DEFINITIONS = (
					"DEBUG=1",
					"$(inherited)",
				);
				GCC_WARN_64_TO_32_BIT_CONVERSION = YES;
				GCC_WARN_ABOUT_RETURN_TYPE = YES_ERROR;
				GCC_WARN_UNDECLARED_SELECTOR = YES;
				GCC_WARN_UNINITIALIZED_AUTOS = YES_AGGRESSIVE;
				GCC_WARN_UNUSED_FUNCTION = YES;
				GCC_WARN_UNUSED_VARIABLE = YES;
				IPHONEOS_DEPLOYMENT_TARGET = 12.2;
				MTL_ENABLE_DEBUG_INFO = INCLUDE_SOURCE;
				MTL_FAST_MATH = YES;
				ONLY_ACTIVE_ARCH = YES;
				SDKROOT = iphoneos;
				SWIFT_ACTIVE_COMPILATION_CONDITIONS = DEBUG;
				SWIFT_OPTIMIZATION_LEVEL = "-Onone";
			};
			name = Debug;
		};
		2CADB83F22A600380044DC16 /* Release */ = {
			isa = XCBuildConfiguration;
			buildSettings = {
				ALWAYS_SEARCH_USER_PATHS = NO;
				CLANG_ANALYZER_NONNULL = YES;
				CLANG_ANALYZER_NUMBER_OBJECT_CONVERSION = YES_AGGRESSIVE;
				CLANG_CXX_LANGUAGE_STANDARD = "gnu++14";
				CLANG_CXX_LIBRARY = "libc++";
				CLANG_ENABLE_MODULES = YES;
				CLANG_ENABLE_OBJC_ARC = YES;
				CLANG_ENABLE_OBJC_WEAK = YES;
				CLANG_WARN_BLOCK_CAPTURE_AUTORELEASING = YES;
				CLANG_WARN_BOOL_CONVERSION = YES;
				CLANG_WARN_COMMA = YES;
				CLANG_WARN_CONSTANT_CONVERSION = YES;
				CLANG_WARN_DEPRECATED_OBJC_IMPLEMENTATIONS = YES;
				CLANG_WARN_DIRECT_OBJC_ISA_USAGE = YES_ERROR;
				CLANG_WARN_DOCUMENTATION_COMMENTS = YES;
				CLANG_WARN_EMPTY_BODY = YES;
				CLANG_WARN_ENUM_CONVERSION = YES;
				CLANG_WARN_INFINITE_RECURSION = YES;
				CLANG_WARN_INT_CONVERSION = YES;
				CLANG_WARN_NON_LITERAL_NULL_CONVERSION = YES;
				CLANG_WARN_OBJC_IMPLICIT_RETAIN_SELF = YES;
				CLANG_WARN_OBJC_LITERAL_CONVERSION = YES;
				CLANG_WARN_OBJC_ROOT_CLASS = YES_ERROR;
				CLANG_WARN_RANGE_LOOP_ANALYSIS = YES;
				CLANG_WARN_STRICT_PROTOTYPES = YES;
				CLANG_WARN_SUSPICIOUS_MOVE = YES;
				CLANG_WARN_UNGUARDED_AVAILABILITY = YES_AGGRESSIVE;
				CLANG_WARN_UNREACHABLE_CODE = YES;
				CLANG_WARN__DUPLICATE_METHOD_MATCH = YES;
				CODE_SIGN_IDENTITY = "iPhone Developer";
				COPY_PHASE_STRIP = NO;
				DEBUG_INFORMATION_FORMAT = "dwarf-with-dsym";
				ENABLE_NS_ASSERTIONS = NO;
				ENABLE_STRICT_OBJC_MSGSEND = YES;
				GCC_C_LANGUAGE_STANDARD = gnu11;
				GCC_NO_COMMON_BLOCKS = YES;
				GCC_WARN_64_TO_32_BIT_CONVERSION = YES;
				GCC_WARN_ABOUT_RETURN_TYPE = YES_ERROR;
				GCC_WARN_UNDECLARED_SELECTOR = YES;
				GCC_WARN_UNINITIALIZED_AUTOS = YES_AGGRESSIVE;
				GCC_WARN_UNUSED_FUNCTION = YES;
				GCC_WARN_UNUSED_VARIABLE = YES;
				IPHONEOS_DEPLOYMENT_TARGET = 12.2;
				MTL_ENABLE_DEBUG_INFO = NO;
				MTL_FAST_MATH = YES;
				SDKROOT = iphoneos;
				SWIFT_COMPILATION_MODE = wholemodule;
				SWIFT_OPTIMIZATION_LEVEL = "-O";
				VALIDATE_PRODUCT = YES;
			};
			name = Release;
		};
		2CADB84122A600380044DC16 /* Debug */ = {
			isa = XCBuildConfiguration;
			buildSettings = {
				ASSETCATALOG_COMPILER_APPICON_NAME = AppIcon;
				CODE_SIGN_STYLE = Automatic;
				INFOPLIST_FILE = MesDemo/Info.plist;
				LD_RUNPATH_SEARCH_PATHS = (
					"$(inherited)",
					"@executable_path/Frameworks",
				);
				PRODUCT_BUNDLE_IDENTIFIER = hoenghai.MesDemo;
				PRODUCT_NAME = "$(TARGET_NAME)";
				SWIFT_VERSION = 5.0;
				TARGETED_DEVICE_FAMILY = "1,2";
			};
			name = Debug;
		};
		2CADB84222A600380044DC16 /* Release */ = {
			isa = XCBuildConfiguration;
			buildSettings = {
				ASSETCATALOG_COMPILER_APPICON_NAME = AppIcon;
				CODE_SIGN_STYLE = Automatic;
				INFOPLIST_FILE = MesDemo/Info.plist;
				LD_RUNPATH_SEARCH_PATHS = (
					"$(inherited)",
					"@executable_path/Frameworks",
				);
				PRODUCT_BUNDLE_IDENTIFIER = hoenghai.MesDemo;
				PRODUCT_NAME = "$(TARGET_NAME)";
				SWIFT_VERSION = 5.0;
				TARGETED_DEVICE_FAMILY = "1,2";
			};
			name = Release;
		};
		2CADB84422A600380044DC16 /* Debug */ = {
			isa = XCBuildConfiguration;
			buildSettings = {
				ALWAYS_EMBED_SWIFT_STANDARD_LIBRARIES = YES;
				BUNDLE_LOADER = "$(TEST_HOST)";
				CODE_SIGN_STYLE = Automatic;
				INFOPLIST_FILE = MesDemoTests/Info.plist;
				LD_RUNPATH_SEARCH_PATHS = (
					"$(inherited)",
					"@executable_path/Frameworks",
					"@loader_path/Frameworks",
				);
				PRODUCT_BUNDLE_IDENTIFIER = hoenghai.MesDemoTests;
				PRODUCT_NAME = "$(TARGET_NAME)";
				SWIFT_VERSION = 5.0;
				TARGETED_DEVICE_FAMILY = "1,2";
				TEST_HOST = "$(BUILT_PRODUCTS_DIR)/MesDemo.app/MesDemo";
			};
			name = Debug;
		};
		2CADB84522A600380044DC16 /* Release */ = {
			isa = XCBuildConfiguration;
			buildSettings = {
				ALWAYS_EMBED_SWIFT_STANDARD_LIBRARIES = YES;
				BUNDLE_LOADER = "$(TEST_HOST)";
				CODE_SIGN_STYLE = Automatic;
				INFOPLIST_FILE = MesDemoTests/Info.plist;
				LD_RUNPATH_SEARCH_PATHS = (
					"$(inherited)",
					"@executable_path/Frameworks",
					"@loader_path/Frameworks",
				);
				PRODUCT_BUNDLE_IDENTIFIER = hoenghai.MesDemoTests;
				PRODUCT_NAME = "$(TARGET_NAME)";
				SWIFT_VERSION = 5.0;
				TARGETED_DEVICE_FAMILY = "1,2";
				TEST_HOST = "$(BUILT_PRODUCTS_DIR)/MesDemo.app/MesDemo";
			};
			name = Release;
		};
		2CADB84722A600380044DC16 /* Debug */ = {
			isa = XCBuildConfiguration;
			buildSettings = {
				ALWAYS_EMBED_SWIFT_STANDARD_LIBRARIES = YES;
				CODE_SIGN_STYLE = Automatic;
				INFOPLIST_FILE = MesDemoUITests/Info.plist;
				LD_RUNPATH_SEARCH_PATHS = (
					"$(inherited)",
					"@executable_path/Frameworks",
					"@loader_path/Frameworks",
				);
				PRODUCT_BUNDLE_IDENTIFIER = hoenghai.MesDemoUITests;
				PRODUCT_NAME = "$(TARGET_NAME)";
				SWIFT_VERSION = 5.0;
				TARGETED_DEVICE_FAMILY = "1,2";
				TEST_TARGET_NAME = MesDemo;
			};
			name = Debug;
		};
		2CADB84822A600380044DC16 /* Release */ = {
			isa = XCBuildConfiguration;
			buildSettings = {
				ALWAYS_EMBED_SWIFT_STANDARD_LIBRARIES = YES;
				CODE_SIGN_STYLE = Automatic;
				INFOPLIST_FILE = MesDemoUITests/Info.plist;
				LD_RUNPATH_SEARCH_PATHS = (
					"$(inherited)",
					"@executable_path/Frameworks",
					"@loader_path/Frameworks",
				);
				PRODUCT_BUNDLE_IDENTIFIER = hoenghai.MesDemoUITests;
				PRODUCT_NAME = "$(TARGET_NAME)";
				SWIFT_VERSION = 5.0;
				TARGETED_DEVICE_FAMILY = "1,2";
				TEST_TARGET_NAME = MesDemo;
			};
			name = Release;
		};
/* End XCBuildConfiguration section */

/* Begin XCConfigurationList section */
		2CADB81022A600330044DC16 /* Build configuration list for PBXProject "MesDemo" */ = {
			isa = XCConfigurationList;
			buildConfigurations = (
				2CADB83E22A600380044DC16 /* Debug */,
				2CADB83F22A600380044DC16 /* Release */,
			);
			defaultConfigurationIsVisible = 0;
			defaultConfigurationName = Release;
		};
		2CADB84022A600380044DC16 /* Build configuration list for PBXNativeTarget "MesDemo" */ = {
			isa = XCConfigurationList;
			buildConfigurations = (
				2CADB84122A600380044DC16 /* Debug */,
				2CADB84222A600380044DC16 /* Release */,
			);
			defaultConfigurationIsVisible = 0;
			defaultConfigurationName = Release;
		};
		2CADB84322A600380044DC16 /* Build configuration list for PBXNativeTarget "MesDemoTests" */ = {
			isa = XCConfigurationList;
			buildConfigurations = (
				2CADB84422A600380044DC16 /* Debug */,
				2CADB84522A600380044DC16 /* Release */,
			);
			defaultConfigurationIsVisible = 0;
			defaultConfigurationName = Release;
		};
		2CADB84622A600380044DC16 /* Build configuration list for PBXNativeTarget "MesDemoUITests" */ = {
			isa = XCConfigurationList;
			buildConfigurations = (
				2CADB84722A600380044DC16 /* Debug */,
				2CADB84822A600380044DC16 /* Release */,
			);
			defaultConfigurationIsVisible = 0;
			defaultConfigurationName = Release;
		};
/* End XCConfigurationList section */

/* Begin XCVersionGroup section */
		2CADB81F22A600330044DC16 /* MesDemo.xcdatamodeld */ = {
			isa = XCVersionGroup;
			children = (
				2CADB82022A600330044DC16 /* MesDemo.xcdatamodel */,
			);
			currentVersion = 2CADB82022A600330044DC16 /* MesDemo.xcdatamodel */;
			path = MesDemo.xcdatamodeld;
			sourceTree = "<group>";
			versionGroupType = wrapper.xcdatamodel;
		};
/* End XCVersionGroup section */
	};
	rootObject = 2CADB80D22A600330044DC16 /* Project object */;
}
